
Microsoft Visual Studio Solution File, Format Version 12.00
# Visual Studio 15
VisualStudioVersion = 15.0.27130.2020
MinimumVisualStudioVersion = 10.0.40219.1
Project("{FAE04EC0-301F-11D3-BF4B-00C04F79EFBC}") = "MedlemRegisterUppgift3", "MedlemRegisterUppgift3\MedlemRegisterUppgift3.csproj", "{AFDEBA69-6A75-486A-9618-6DADCF20D596}"
EndProject
Project("{FAE04EC0-301F-11D3-BF4B-00C04F79EFBC}") = "VGUppgift", "VGUppgift\VGUppgift.csproj", "{0E803412-0116-4A18-875E-DE69AC0BA27A}"
EndProject
Global
	GlobalSection(SolutionConfigurationPlatforms) = preSolution
		Debug|Any CPU = Debug|Any CPU
		Debug|x86 = Debug|x86
		Release|Any CPU = Release|Any CPU
		Release|x86 = Release|x86
	EndGlobalSection
	GlobalSection(ProjectConfigurationPlatforms) = postSolution
		{AFDEBA69-6A75-486A-9618-6DADCF20D596}.Debug|Any CPU.ActiveCfg = Debug|Any CPU
		{AFDEBA69-6A75-486A-9618-6DADCF20D596}.Debug|Any CPU.Build.0 = Debug|Any CPU
		{AFDEBA69-6A75-486A-9618-6DADCF20D596}.Debug|x86.ActiveCfg = Debug|Any CPU
		{AFDEBA69-6A75-486A-9618-6DADCF20D596}.Debug|x86.Build.0 = Debug|Any CPU
		{AFDEBA69-6A75-486A-9618-6DADCF20D596}.Release|Any CPU.ActiveCfg = Release|Any CPU
		{AFDEBA69-6A75-486A-9618-6DADCF20D596}.Release|Any CPU.Build.0 = Release|Any CPU
		{AFDEBA69-6A75-486A-9618-6DADCF20D596}.Release|x86.ActiveCfg = Release|Any CPU
		{AFDEBA69-6A75-486A-9618-6DADCF20D596}.Release|x86.Build.0 = Release|Any CPU
		{0E803412-0116-4A18-875E-DE69AC0BA27A}.Debug|Any CPU.ActiveCfg = Debug|Any CPU
		{0E803412-0116-4A18-875E-DE69AC0BA27A}.Debug|Any CPU.Build.0 = Debug|Any CPU
		{0E803412-0116-4A18-875E-DE69AC0BA27A}.Debug|x86.ActiveCfg = Debug|Any CPU
		{0E803412-0116-4A18-875E-DE69AC0BA27A}.Debug|x86.Build.0 = Debug|Any CPU
		{0E803412-0116-4A18-875E-DE69AC0BA27A}.Release|Any CPU.ActiveCfg = Release|Any CPU
		{0E803412-0116-4A18-875E-DE69AC0BA27A}.Release|Any CPU.Build.0 = Release|Any CPU
		{0E803412-0116-4A18-875E-DE69AC0BA27A}.Release|x86.ActiveCfg = Release|Any CPU
		{0E803412-0116-4A18-875E-DE69AC0BA27A}.Release|x86.Build.0 = Release|Any CPU
	EndGlobalSection
	GlobalSection(SolutionProperties) = preSolution
		HideSolutionNode = FALSE
	EndGlobalSection
	GlobalSection(ExtensibilityGlobals) = postSolution
		SolutionGuid = {37D6723D-F2C8-4C0A-9078-3EB6F06C2C63}
	EndGlobalSection
EndGlobal
